
Microsoft Visual Studio Solution File, Format Version 12.00
# Visual Studio 15
VisualStudioVersion = 15.0.28307.136
MinimumVisualStudioVersion = 10.0.40219.1
Project("{FAE04EC0-301F-11D3-BF4B-00C04F79EFBC}") = "EducationProject", "EducationProject\EducationProject.csproj", "{90CE8001-B43E-4BEF-8A3D-0352DF8082E9}"
EndProject
Global
	GlobalSection(SolutionConfigurationPlatforms) = preSolution
		Debug|Any CPU = Debug|Any CPU
		Release|Any CPU = Release|Any CPU
	EndGlobalSection
	GlobalSection(ProjectConfigurationPlatforms) = postSolution
		{90CE8001-B43E-4BEF-8A3D-0352DF8082E9}.Debug|Any CPU.ActiveCfg = Debug|Any CPU
		{90CE8001-B43E-4BEF-8A3D-0352DF8082E9}.Debug|Any CPU.Build.0 = Debug|Any CPU
		{90CE8001-B43E-4BEF-8A3D-0352DF8082E9}.Release|Any CPU.ActiveCfg = Release|Any CPU
		{90CE8001-B43E-4BEF-8A3D-0352DF8082E9}.Release|Any CPU.Build.0 = Release|Any CPU
	EndGlobalSection
	GlobalSection(SolutionProperties) = preSolution
		HideSolutionNode = FALSE
	EndGlobalSection
	GlobalSection(ExtensibilityGlobals) = postSolution
		SolutionGuid = {979D3173-B442-495A-92E1-1EFEC9FA9C61}
	EndGlobalSection
EndGlobal
